
Microsoft Visual Studio Solution File, Format Version 12.00
# Visual Studio 15
VisualStudioVersion = 15.0.28307.136
MinimumVisualStudioVersion = 10.0.40219.1
Project("{FAE04EC0-301F-11D3-BF4B-00C04F79EFBC}") = "AzureBlobAPISample", "AzureBlobAPISample\AzureBlobAPISample.csproj", "{F71322FA-D784-4476-BB51-51DC3847FCF7}"
EndProject
Global
	GlobalSection(SolutionConfigurationPlatforms) = preSolution
		Debug|Any CPU = Debug|Any CPU
		Release|Any CPU = Release|Any CPU
	EndGlobalSection
	GlobalSection(ProjectConfigurationPlatforms) = postSolution
		{F71322FA-D784-4476-BB51-51DC3847FCF7}.Debug|Any CPU.ActiveCfg = Debug|Any CPU
		{F71322FA-D784-4476-BB51-51DC3847FCF7}.Debug|Any CPU.Build.0 = Debug|Any CPU
		{F71322FA-D784-4476-BB51-51DC3847FCF7}.Release|Any CPU.ActiveCfg = Release|Any CPU
		{F71322FA-D784-4476-BB51-51DC3847FCF7}.Release|Any CPU.Build.0 = Release|Any CPU
	EndGlobalSection
	GlobalSection(SolutionProperties) = preSolution
		HideSolutionNode = FALSE
	EndGlobalSection
	GlobalSection(ExtensibilityGlobals) = postSolution
		SolutionGuid = {AA488246-476C-4721-BE3D-F811C74B4A86}
	EndGlobalSection
EndGlobal
